<?xml version="1.0" encoding="utf-8"?>
<Project ToolsVersion="4.0" xmlns="http://schemas.microsoft.com/developer/msbuild/2003">
  <ItemGroup>
    <Filter Include="Source Files">
      <UniqueIdentifier>{4FC737F1-C7A5-4376-A066-2A32D752A2FF}</UniqueIdentifier>
      <Extensions>cpp;c;cc;cxx;c++;cppm;ixx;def;odl;idl;hpj;bat;asm;asmx</Extensions>
    </Filter>
    <Filter Include="Header Files">
      <UniqueIdentifier>{93995380-89BD-4b04-88EB-625FBE52EBFB}</UniqueIdentifier>
      <Extensions>h;hh;hpp;hxx;h++;hm;inl;inc;ipp;xsd</Extensions>
    </Filter>
    <Filter Include="Resource Files">
      <UniqueIdentifier>{67DA6AB6-F800-4c08-8B7A-83BB121AAD01}</UniqueIdentifier>
      <Extensions>rc;ico;cur;bmp;dlg;rc2;rct;bin;rgs;gif;jpg;jpeg;jpe;resx;tiff;tif;png;wav;mfcribbon-ms</Extensions>
    </Filter>
    <Filter Include="Source Files\EuropeanOption">
      <UniqueIdentifier>{4e584888-03c3-46d1-8985-56865f12fa82}</UniqueIdentifier>
    </Filter>
    <Filter Include="Header Files\EuropeanOption">
      <UniqueIdentifier>{65517505-567c-4f50-aff6-c2ba3018566e}</UniqueIdentifier>
    </Filter>
  </ItemGroup>
  <ItemGroup>
    <ClCompile Include="common\fintech_library.cpp">
      <Filter>Source Files</Filter>
    </ClCompile>
    <ClCompile Include="common\math_utilities.cpp">
      <Filter>Source Files</Filter>
    </ClCompile>
    <ClCompile Include="common\operations.cpp">
      <Filter>Source Files</Filter>
    </ClCompile>
    <ClCompile Include="common\statistics_calculator.cpp">
      <Filter>Source Files</Filter>
    </ClCompile>
    <ClCompile Include="common\EuropeanOption\BinomialEuropeanCallOption.cpp">
      <Filter>Source Files\EuropeanOption</Filter>
    </ClCompile>
    <ClCompile Include="common\EuropeanOption\BinomialEuropeanOption.cpp">
      <Filter>Source Files\EuropeanOption</Filter>
    </ClCompile>
    <ClCompile Include="common\EuropeanOption\BinomialEuropeanPutOption.cpp">
      <Filter>Source Files\EuropeanOption</Filter>
    </ClCompile>
    <ClCompile Include="common\EuropeanOption\BSEuropeanOption.cpp">
      <Filter>Source Files\EuropeanOption</Filter>
    </ClCompile>
  </ItemGroup>
  <ItemGroup>
    <ClInclude Include="include\fintech_library.h">
      <Filter>Header Files</Filter>
    </ClInclude>
    <ClInclude Include="include\math_utilities.h">
      <Filter>Header Files</Filter>
    </ClInclude>
    <ClInclude Include="include\statistics_calculator.h">
      <Filter>Header Files</Filter>
    </ClInclude>
    <ClInclude Include="include\EuropeanOption\BinomialEuropeanOption.h">
      <Filter>Header Files\EuropeanOption</Filter>
    </ClInclude>
    <ClInclude Include="include\EuropeanOption\BSEuropeanOption.h">
      <Filter>Header Files\EuropeanOption</Filter>
    </ClInclude>
    <ClInclude Include="include\EuropeanOption\EuropeanOption.h">
      <Filter>Header Files\EuropeanOption</Filter>
    </ClInclude>
  </ItemGroup>
</Project>